
Microsoft Visual Studio Solution File, Format Version 12.00
# Visual Studio 14
VisualStudioVersion = 14.0.25420.1
MinimumVisualStudioVersion = 10.0.40219.1
Project("{FAE04EC0-301F-11D3-BF4B-00C04F79EFBC}") = "COMP1004-F2016-Midterm-200328763", "COMP1004-F2016-Midterm-200328763\COMP1004-F2016-Midterm-200328763.csproj", "{FE4F9DE2-0CD1-40AE-B3A0-C24C9246A337}"
EndProject
Global
	GlobalSection(SolutionConfigurationPlatforms) = preSolution
		Debug|Any CPU = Debug|Any CPU
		Release|Any CPU = Release|Any CPU
	EndGlobalSection
	GlobalSection(ProjectConfigurationPlatforms) = postSolution
		{FE4F9DE2-0CD1-40AE-B3A0-C24C9246A337}.Debug|Any CPU.ActiveCfg = Debug|Any CPU
		{FE4F9DE2-0CD1-40AE-B3A0-C24C9246A337}.Debug|Any CPU.Build.0 = Debug|Any CPU
		{FE4F9DE2-0CD1-40AE-B3A0-C24C9246A337}.Release|Any CPU.ActiveCfg = Release|Any CPU
		{FE4F9DE2-0CD1-40AE-B3A0-C24C9246A337}.Release|Any CPU.Build.0 = Release|Any CPU
	EndGlobalSection
	GlobalSection(SolutionProperties) = preSolution
		HideSolutionNode = FALSE
	EndGlobalSection
EndGlobal
